
Microsoft Visual Studio Solution File, Format Version 12.00
# Visual Studio Version 16
VisualStudioVersion = 16.0.30011.22
MinimumVisualStudioVersion = 10.0.40219.1
Project("{FAE04EC0-301F-11D3-BF4B-00C04F79EFBC}") = "Poligon1", "Poligon1\Poligon1.csproj", "{BB7F173D-0D51-477B-807D-24E75DE2BB8E}"
EndProject
Global
	GlobalSection(SolutionConfigurationPlatforms) = preSolution
		Debug|Any CPU = Debug|Any CPU
		Release|Any CPU = Release|Any CPU
	EndGlobalSection
	GlobalSection(ProjectConfigurationPlatforms) = postSolution
		{BB7F173D-0D51-477B-807D-24E75DE2BB8E}.Debug|Any CPU.ActiveCfg = Debug|Any CPU
		{BB7F173D-0D51-477B-807D-24E75DE2BB8E}.Debug|Any CPU.Build.0 = Debug|Any CPU
		{BB7F173D-0D51-477B-807D-24E75DE2BB8E}.Release|Any CPU.ActiveCfg = Release|Any CPU
		{BB7F173D-0D51-477B-807D-24E75DE2BB8E}.Release|Any CPU.Build.0 = Release|Any CPU
	EndGlobalSection
	GlobalSection(SolutionProperties) = preSolution
		HideSolutionNode = FALSE
	EndGlobalSection
	GlobalSection(ExtensibilityGlobals) = postSolution
		SolutionGuid = {02F31DE2-5DDF-4690-A112-0070042BA1DD}
	EndGlobalSection
EndGlobal
